
Microsoft Visual Studio Solution File, Format Version 12.00
# Visual Studio Version 16
VisualStudioVersion = 16.0.28803.156
MinimumVisualStudioVersion = 10.0.40219.1
Project("{FAE04EC0-301F-11D3-BF4B-00C04F79EFBC}") = "Barbet", "Barbet\Barbet.csproj", "{614A800D-9FAE-4DB3-A408-DD02DEBB4552}"
EndProject
Global
	GlobalSection(SolutionConfigurationPlatforms) = preSolution
		Debug|Any CPU = Debug|Any CPU
		Release|Any CPU = Release|Any CPU
	EndGlobalSection
	GlobalSection(ProjectConfigurationPlatforms) = postSolution
		{614A800D-9FAE-4DB3-A408-DD02DEBB4552}.Debug|Any CPU.ActiveCfg = Debug|Any CPU
		{614A800D-9FAE-4DB3-A408-DD02DEBB4552}.Debug|Any CPU.Build.0 = Debug|Any CPU
		{614A800D-9FAE-4DB3-A408-DD02DEBB4552}.Release|Any CPU.ActiveCfg = Release|Any CPU
		{614A800D-9FAE-4DB3-A408-DD02DEBB4552}.Release|Any CPU.Build.0 = Release|Any CPU
	EndGlobalSection
	GlobalSection(SolutionProperties) = preSolution
		HideSolutionNode = FALSE
	EndGlobalSection
	GlobalSection(ExtensibilityGlobals) = postSolution
		SolutionGuid = {5BDA7C7C-F22B-4C92-9015-DFF212AE65AF}
	EndGlobalSection
EndGlobal
